lockfileVersion: '9.0'

settings:
  autoInstallPeers: true
  excludeLinksFromLockfile: false

importers:

  .:
    dependencies:
      '@takazudo/zfb':
        specifier: 4.3.0
        version: 4.3.0
      '@takazudo/zfb-runtime':
        specifier: 4.3.0
        version: 4.3.0(@takazudo/zfb@4.3.0)
    devDependencies:
      '@playwright/test':
        specifier: 1.58.2
        version: 1.58.2
      typescript:
        specifier: 5.9.3
        version: 5.9.3

packages:

  '@playwright/test@1.58.2':
    resolution: {integrity: sha512-akea+6bHYBBfA9uQqSYmlJXn61cTa+jbO87xVLCWbTqbWadRVmhxlXATaOjOgcBaWU4ePo0wB41KMFv3o35IXA==}
    engines: {node: '>=18'}
    hasBin: true

  '@takazudo/zfb-darwin-arm64@4.3.0':
    resolution: {integrity: sha512-DboIy0U+WBeqCFzsrDRk9OfdkRXQazgk/JDb+qPUO6281TJNPtP8y3g5p3iLzozHiGDcdGV2y9wnzoErtIK8CQ==}
    cpu: [arm64]
    os: [darwin]

  '@takazudo/zfb-darwin-x64@4.3.0':
    resolution: {integrity: sha512-qoQt51ncaqHtXCZ5zBGypAsE5RNbr8z29rJJZZ2tiQsv4Ak7CI6Ht33s70sG61uhcUWTFe80ECby/2NCxbMrBg==}
    cpu: [x64]
    os: [darwin]

  '@takazudo/zfb-linux-arm64-gnu@4.3.0':
    resolution: {integrity: sha512-6V/e6GVLPEoeMKDWwX6K+SGeGUhlR/RXgSKu44b/Ib0W/sht5HI5RbZS2GGzJDvhQo/rtZLtd77FATMoCcgV3w==}
    cpu: [arm64]
    os: [linux]

  '@takazudo/zfb-linux-x64-gnu@4.3.0':
    resolution: {integrity: sha512-BT0962HLzULFmmWMakx91tdbPUD0dfxWt1u9pCaGJSReZ7rCmmTYA1oZJYif5GPUxlI/6bgd9Y8yDZWcN8CvEg==}
    cpu: [x64]
    os: [linux]

  '@takazudo/zfb-runtime@4.3.0':
    resolution: {integrity: sha512-YNTxnG8h6YCfnlF5nWYSrEMQuHO/gz2GpOecbbSCOeASYB04cKeIG4IYfDXPq/t4lDkfhU/qjaOoytqFMcNr7g==}
    engines: {node: '>=22.0.0', pnpm: '>=10.0.0'}
    peerDependencies:
      '@takazudo/zfb': 4.3.0

  '@takazudo/zfb-slugify@4.3.0':
    resolution: {integrity: sha512-22aya2bziPogEJBPv9lDsvKjUnb7W7y7+LU3+Wu4hIDYtltJdpGVciAG9Hno6Esx7DyXyaW5obonwSm93YBnag==}
    engines: {node: '>=22.0.0', pnpm: '>=10.0.0'}

  '@takazudo/zfb-win32-x64-msvc@4.3.0':
    resolution: {integrity: sha512-caOXt6dzWnxoIFxXmg9Aw5nFQWBJKti3J8ABy4SXAU1bp5aZKvpGwzmFfCEyWkewwTOaBz9MVfZ6ZJceaXJkZw==}
    cpu: [x64]
    os: [win32]

  '@takazudo/zfb@4.3.0':
    resolution: {integrity: sha512-kMGZThSgvDMPrRyed+0BkERrYrUe63E+J5XuWMq5+i0gNVIxVsckzkx6Os9htyps5fKB3X1r/sttQe65Kkd3bA==}
    engines: {node: '>=22.0.0', pnpm: '>=10.0.0'}
    hasBin: true

  fsevents@2.3.2:
    resolution: {integrity: sha512-xiqMQR4xAeHTuB9uWm+fFRcIOgKBMiOBP+eXiyT7jsgVCq1bkVygt00oASowB7EdtpOHaaPgKt812P9ab+DDKA==}
    engines: {node: ^8.16.0 || ^10.6.0 || >=11.0.0}
    os: [darwin]

  hono@4.13.13:
    resolution: {integrity: sha512-CQ46U0ZkAGmbT/4UxdzzGJpacP2IeKgY4a5/tOI9AABbpOMfK739wfDXmv1usCk+3RkKj1hQy4/fjhiwa2xlrA==}
    engines: {node: '>=16.9.0'}

  playwright-core@1.58.2:
    resolution: {integrity: sha512-yZkEtftgwS8CsfYo7nm0KE8jsvm6i/PTgVtB8DL726wNf6H2IMsDuxCpJj59KDaxCtSnrWan2AeDqM7JBaultg==}
    engines: {node: '>=18'}
    hasBin: true

  playwright@1.58.2:
    resolution: {integrity: sha512-vA30H8Nvkq/cPBnNw4Q8TWz1EJyqgpuinBcHET0YVJVFldr8JDNiU9LaWAE1KqSkRYazuaBhTpB5ZzShOezQ6A==}
    engines: {node: '>=18'}
    hasBin: true

  typescript@5.9.3:
    resolution: {integrity: sha512-jl1vZzPDinLr9eUt3J/t7V6FgNEw9QjvBPdysz9KfQDD41fQrC2Y4vKQdiaUpFT4bXlb1RHhLpp8wtm6M5TgSw==}
    engines: {node: '>=14.17'}
    hasBin: true

snapshots:

  '@playwright/test@1.58.2':
    dependencies:
      playwright: 1.58.2

  '@takazudo/zfb-darwin-arm64@4.3.0':
    optional: true

  '@takazudo/zfb-darwin-x64@4.3.0':
    optional: true

  '@takazudo/zfb-linux-arm64-gnu@4.3.0':
    optional: true

  '@takazudo/zfb-linux-x64-gnu@4.3.0':
    optional: true

  '@takazudo/zfb-runtime@4.3.0(@takazudo/zfb@4.3.0)':
    dependencies:
      '@takazudo/zfb': 4.3.0
      hono: 4.13.13

  '@takazudo/zfb-slugify@4.3.0': {}

  '@takazudo/zfb-win32-x64-msvc@4.3.0':
    optional: true

  '@takazudo/zfb@4.3.0':
    dependencies:
      '@takazudo/zfb-slugify': 4.3.0
    optionalDependencies:
      '@takazudo/zfb-darwin-arm64': 4.3.0
      '@takazudo/zfb-darwin-x64': 4.3.0
      '@takazudo/zfb-linux-arm64-gnu': 4.3.0
      '@takazudo/zfb-linux-x64-gnu': 4.3.0
      '@takazudo/zfb-win32-x64-msvc': 4.3.0

  fsevents@2.3.2:
    optional: true

  hono@4.13.13: {}

  playwright-core@1.58.2: {}

  playwright@1.58.2:
    dependencies:
      playwright-core: 1.58.2
    optionalDependencies:
      fsevents: 2.3.2

  typescript@5.9.3: {}
