lockfileVersion: '9.0'

settings:
  autoInstallPeers: true
  excludeLinksFromLockfile: false

importers:

  .:
    dependencies:
      '@takazudo/zfb':
        specifier: 4.3.1
        version: 4.3.1
      '@takazudo/zfb-runtime':
        specifier: 4.3.1
        version: 4.3.1(@takazudo/zfb@4.3.1)
    devDependencies:
      '@playwright/test':
        specifier: 1.58.2
        version: 1.58.2
      typescript:
        specifier: 5.9.3
        version: 5.9.3

packages:

  '@playwright/test@1.58.2':
    resolution: {integrity: sha512-akea+6bHYBBfA9uQqSYmlJXn61cTa+jbO87xVLCWbTqbWadRVmhxlXATaOjOgcBaWU4ePo0wB41KMFv3o35IXA==}
    engines: {node: '>=18'}
    hasBin: true

  '@takazudo/zfb-darwin-arm64@4.3.1':
    resolution: {integrity: sha512-xS6I6oLP2iiNdauPgH5FAMGhvfPa4EeVs5dB7mMqlKZI6kV9En6Nw/BtNqvow4N7R/0zjiEKjYoBvoN6DBFkeA==}
    cpu: [arm64]
    os: [darwin]

  '@takazudo/zfb-darwin-x64@4.3.1':
    resolution: {integrity: sha512-SKIaL6bLNzroKogWMgNj9h9q+AhAyySCYIoosZ+pu47nkmaG8+Chzmb3Y+MbWedUK0NpGmHH6/uYLbH3KZ4uyQ==}
    cpu: [x64]
    os: [darwin]

  '@takazudo/zfb-linux-arm64-gnu@4.3.1':
    resolution: {integrity: sha512-3KEdBhfmeU4PO0Svcay84YK1R6dcQV8p2AXebaA5Iij7sakVH5IklbRSn8TwmILc+QLLEPt68DTx1BrDDunmxw==}
    cpu: [arm64]
    os: [linux]

  '@takazudo/zfb-linux-x64-gnu@4.3.1':
    resolution: {integrity: sha512-r2axlR8skHuRdvzAV4ECVtBJeNJOgysc1fY3qQrkL4ei/82+Ms62hJ1Hy8HfqjttiTz6xG2uJySAN8l42UAuFg==}
    cpu: [x64]
    os: [linux]

  '@takazudo/zfb-runtime@4.3.1':
    resolution: {integrity: sha512-TI7x1k1ve9A8TvHGF1dGOiPe6xeArUfk+nPopfhQ6oJ014o85zLx5ptD5kYmKKTDE9KoW6LwZcf2jg++juGaNQ==}
    engines: {node: '>=22.0.0', pnpm: '>=10.0.0'}
    peerDependencies:
      '@takazudo/zfb': 4.3.1

  '@takazudo/zfb-slugify@4.3.1':
    resolution: {integrity: sha512-mSl1cYcMIEviKHZyBudoKmRdFrUi/uVDoJaiqP6yq5qgzOao+0kambptZG4M1D50e95x//69iQ03QpKpF3A1hg==}
    engines: {node: '>=22.0.0', pnpm: '>=10.0.0'}

  '@takazudo/zfb-win32-x64-msvc@4.3.1':
    resolution: {integrity: sha512-PHxaSGVnD8vw23MhMxZEtOSwKlv/858n9sHylDFQvIXkVcfFkQCFvOUHfG6t75DedVSfjGtQpKRHBc9m/OwlGQ==}
    cpu: [x64]
    os: [win32]

  '@takazudo/zfb@4.3.1':
    resolution: {integrity: sha512-LeA4UqvYdwmNtWX9xzq4sU/p2n0Ogc+A/oDLxnQ3xAH+3EG2G/6FgDPnAD9uEu94D7ns0/hQ01zLgOZmHjQRLw==}
    engines: {node: '>=22.0.0', pnpm: '>=10.0.0'}
    hasBin: true

  fsevents@2.3.2:
    resolution: {integrity: sha512-xiqMQR4xAeHTuB9uWm+fFRcIOgKBMiOBP+eXiyT7jsgVCq1bkVygt00oASowB7EdtpOHaaPgKt812P9ab+DDKA==}
    engines: {node: ^8.16.0 || ^10.6.0 || >=11.0.0}
    os: [darwin]

  hono@4.13.13:
    resolution: {integrity: sha512-CQ46U0ZkAGmbT/4UxdzzGJpacP2IeKgY4a5/tOI9AABbpOMfK739wfDXmv1usCk+3RkKj1hQy4/fjhiwa2xlrA==}
    engines: {node: '>=16.9.0'}

  playwright-core@1.58.2:
    resolution: {integrity: sha512-yZkEtftgwS8CsfYo7nm0KE8jsvm6i/PTgVtB8DL726wNf6H2IMsDuxCpJj59KDaxCtSnrWan2AeDqM7JBaultg==}
    engines: {node: '>=18'}
    hasBin: true

  playwright@1.58.2:
    resolution: {integrity: sha512-vA30H8Nvkq/cPBnNw4Q8TWz1EJyqgpuinBcHET0YVJVFldr8JDNiU9LaWAE1KqSkRYazuaBhTpB5ZzShOezQ6A==}
    engines: {node: '>=18'}
    hasBin: true

  typescript@5.9.3:
    resolution: {integrity: sha512-jl1vZzPDinLr9eUt3J/t7V6FgNEw9QjvBPdysz9KfQDD41fQrC2Y4vKQdiaUpFT4bXlb1RHhLpp8wtm6M5TgSw==}
    engines: {node: '>=14.17'}
    hasBin: true

snapshots:

  '@playwright/test@1.58.2':
    dependencies:
      playwright: 1.58.2

  '@takazudo/zfb-darwin-arm64@4.3.1':
    optional: true

  '@takazudo/zfb-darwin-x64@4.3.1':
    optional: true

  '@takazudo/zfb-linux-arm64-gnu@4.3.1':
    optional: true

  '@takazudo/zfb-linux-x64-gnu@4.3.1':
    optional: true

  '@takazudo/zfb-runtime@4.3.1(@takazudo/zfb@4.3.1)':
    dependencies:
      '@takazudo/zfb': 4.3.1
      hono: 4.13.13

  '@takazudo/zfb-slugify@4.3.1': {}

  '@takazudo/zfb-win32-x64-msvc@4.3.1':
    optional: true

  '@takazudo/zfb@4.3.1':
    dependencies:
      '@takazudo/zfb-slugify': 4.3.1
    optionalDependencies:
      '@takazudo/zfb-darwin-arm64': 4.3.1
      '@takazudo/zfb-darwin-x64': 4.3.1
      '@takazudo/zfb-linux-arm64-gnu': 4.3.1
      '@takazudo/zfb-linux-x64-gnu': 4.3.1
      '@takazudo/zfb-win32-x64-msvc': 4.3.1

  fsevents@2.3.2:
    optional: true

  hono@4.13.13: {}

  playwright-core@1.58.2: {}

  playwright@1.58.2:
    dependencies:
      playwright-core: 1.58.2
    optionalDependencies:
      fsevents: 2.3.2

  typescript@5.9.3: {}
